// !$*UTF8*$!
{
	archiveVersion = 1;
	classes = {
	};
	objectVersion = 45;
	objects = {

/* Begin PBXBuildFile section */
		1DDD58160DA1D0A300B32029 /* MainMenu.xib in Resources */ = {isa = PBXBuildFile; fileRef = 1DDD58140DA1D0A300B32029 /* MainMenu.xib */; };
		256AC3DA0F4B6AC300CF3369 /* SVSupaViewAppDelegate.m in Sources */ = {isa = PBXBuildFile; fileRef = 256AC3D90F4B6AC300CF3369 /* SVSupaViewAppDelegate.m */; };
		6104C15B12479EA900B46A87 /* SVMainWindowController.m in Sources */ = {isa = PBXBuildFile; fileRef = 6104C15A12479EA900B46A87 /* SVMainWindowController.m */; };
		6104C2441247CB0700B46A87 /* SVGlobalQueues.m in Sources */ = {isa = PBXBuildFile; fileRef = 6104C2431247CB0700B46A87 /* SVGlobalQueues.m */; };
		613488DB12284A39009EDE77 /* SVSizes.m in Sources */ = {isa = PBXBuildFile; fileRef = 613488DA12284A39009EDE77 /* SVSizes.m */; };
		615130BC123EA998003CD2AE /* SVZoomInImg.png in Resources */ = {isa = PBXBuildFile; fileRef = 615130BA123EA998003CD2AE /* SVZoomInImg.png */; };
		615130BD123EA998003CD2AE /* SVZoomOutImg.png in Resources */ = {isa = PBXBuildFile; fileRef = 615130BB123EA998003CD2AE /* SVZoomOutImg.png */; };
		6167F86E122366B800404881 /* SVGeometryGatherer.m in Sources */ = {isa = PBXBuildFile; fileRef = 6167F86D122366B800404881 /* SVGeometryGatherer.m */; };
		6172869D1225FE6100607826 /* SVColorWheel.m in Sources */ = {isa = PBXBuildFile; fileRef = 6172869C1225FE6100607826 /* SVColorWheel.m */; };
		6184F5AD12591CE300C91C8E /* SVTreeMapView.dragging.m in Sources */ = {isa = PBXBuildFile; fileRef = 6184F5AA12591CE300C91C8E /* SVTreeMapView.dragging.m */; };
		6184F5AE12591CE300C91C8E /* SVTreeMapView.m in Sources */ = {isa = PBXBuildFile; fileRef = 6184F5AC12591CE300C91C8E /* SVTreeMapView.m */; };
		6184F5B112591D2600C91C8E /* SVTreeMapView.animate.m in Sources */ = {isa = PBXBuildFile; fileRef = 6184F5B012591D2600C91C8E /* SVTreeMapView.animate.m */; };
		6184F5BC125923D700C91C8E /* SVNarrowingState.m in Sources */ = {isa = PBXBuildFile; fileRef = 6184F5BB125923D700C91C8E /* SVNarrowingState.m */; };
		6184F5C1125934EC00C91C8E /* AnimationPerFrame.m in Sources */ = {isa = PBXBuildFile; fileRef = 6184F5C0125934EC00C91C8E /* AnimationPerFrame.m */; };
		6184F5D6125938A000C91C8E /* SVTreeMapView.private.m in Sources */ = {isa = PBXBuildFile; fileRef = 6184F5D5125938A000C91C8E /* SVTreeMapView.private.m */; };
		6184F674125A02E300C91C8E /* SVLayoutLeaf.protected.m in Sources */ = {isa = PBXBuildFile; fileRef = 6184F673125A02E300C91C8E /* SVLayoutLeaf.protected.m */; };
		6184F750125A4C0700C91C8E /* SVLayoutKeyNavigation.m in Sources */ = {isa = PBXBuildFile; fileRef = 6184F74F125A4C0700C91C8E /* SVLayoutKeyNavigation.m */; };
		6184F81C125CFB9C00C91C8E /* About.xib in Resources */ = {isa = PBXBuildFile; fileRef = 6184F81B125CFB9C00C91C8E /* About.xib */; };
		61C87E8B1250B85B00F1B518 /* SVFileTree.m in Sources */ = {isa = PBXBuildFile; fileRef = 61C87E881250B85B00F1B518 /* SVFileTree.m */; };
		61C87E8C1250B85B00F1B518 /* SVVolumeTree.m in Sources */ = {isa = PBXBuildFile; fileRef = 61C87E8A1250B85B00F1B518 /* SVVolumeTree.m */; };
		61C87EB41250BA1300F1B518 /* SVFolderTree.m in Sources */ = {isa = PBXBuildFile; fileRef = 61C87EB21250BA1300F1B518 /* SVFolderTree.m */; };
		61C87ECB1250C1F300F1B518 /* SVDynamicFileTree.m in Sources */ = {isa = PBXBuildFile; fileRef = 61C87EC81250C1F300F1B518 /* SVDynamicFileTree.m */; };
		61C87EEA1250D3EC00F1B518 /* SVLayoutFolder.m in Sources */ = {isa = PBXBuildFile; fileRef = 61C87EE31250D3EC00F1B518 /* SVLayoutFolder.m */; };
		61C87EEB1250D3EC00F1B518 /* SVLayoutLeaf.m in Sources */ = {isa = PBXBuildFile; fileRef = 61C87EE51250D3EC00F1B518 /* SVLayoutLeaf.m */; };
		61C87EEC1250D3EC00F1B518 /* SVLayoutNode.m in Sources */ = {isa = PBXBuildFile; fileRef = 61C87EE71250D3EC00F1B518 /* SVLayoutNode.m */; };
		61C87EED1250D3EC00F1B518 /* SVLayoutTree.m in Sources */ = {isa = PBXBuildFile; fileRef = 61C87EE91250D3EC00F1B518 /* SVLayoutTree.m */; };
		61C87F971250E5C100F1B518 /* SVLayoutEmptySpace.m in Sources */ = {isa = PBXBuildFile; fileRef = 61C87F941250E5C100F1B518 /* SVLayoutEmptySpace.m */; };
		61C87F981250E5C100F1B518 /* SVLayoutUnscanned.m in Sources */ = {isa = PBXBuildFile; fileRef = 61C87F961250E5C100F1B518 /* SVLayoutUnscanned.m */; };
		61C87FA31250E99200F1B518 /* SVEmptyNode.m in Sources */ = {isa = PBXBuildFile; fileRef = 61C87FA01250E99200F1B518 /* SVEmptyNode.m */; };
		61C87FA41250E99200F1B518 /* SVUnscanned.m in Sources */ = {isa = PBXBuildFile; fileRef = 61C87FA21250E99200F1B518 /* SVUnscanned.m */; };
		61C8804912510C2100F1B518 /* Custom.strings in Resources */ = {isa = PBXBuildFile; fileRef = 61C8804812510C2100F1B518 /* Custom.strings */; };
		61C882091251E97200F1B518 /* SVSizeFormatter.m in Sources */ = {isa = PBXBuildFile; fileRef = 61C882081251E97200F1B518 /* SVSizeFormatter.m */; };
		61F19E741254E0BB005340E2 /* SVGoBack.png in Resources */ = {isa = PBXBuildFile; fileRef = 61F19E731254E0BB005340E2 /* SVGoBack.png */; };
		8D11072B0486CEB800E47090 /* InfoPlist.strings in Resources */ = {isa = PBXBuildFile; fileRef = 089C165CFE840E0CC02AAC07 /* InfoPlist.strings */; };
		8D11072D0486CEB800E47090 /* main.m in Sources */ = {isa = PBXBuildFile; fileRef = 29B97316FDCFA39411CA2CEA /* main.m */; settings = {ATTRIBUTES = (); }; };
		8D11072F0486CEB800E47090 /* Cocoa.framework in Frameworks */ = {isa = PBXBuildFile; fileRef = 1058C7A1FEA54F0111CA2CBB /* Cocoa.framework */; };
/* End PBXBuildFile section */

/* Begin PBXFileReference section */
		089C165DFE840E0CC02AAC07 /* English */ = {isa = PBXFileReference; fileEncoding = 4; lastKnownFileType = text.plist.strings; name = English; path = English.lproj/InfoPlist.strings; sourceTree = "<group>"; };
		1058C7A1FEA54F0111CA2CBB /* Cocoa.framework */ = {isa = PBXFileReference; lastKnownFileType = wrapper.framework; name = Cocoa.framework; path = /System/Library/Frameworks/Cocoa.framework; sourceTree = "<absolute>"; };
		13E42FB307B3F0F600E4EEF1 /* CoreData.framework */ = {isa = PBXFileReference; lastKnownFileType = wrapper.framework; name = CoreData.framework; path = /System/Library/Frameworks/CoreData.framework; sourceTree = "<absolute>"; };
		1DDD58150DA1D0A300B32029 /* English */ = {isa = PBXFileReference; lastKnownFileType = file.xib; name = English; path = English.lproj/MainMenu.xib; sourceTree = "<group>"; };
		256AC3D80F4B6AC300CF3369 /* SVSupaViewAppDelegate.h */ = {isa = PBXFileReference; fileEncoding = 4; lastKnownFileType = sourcecode.c.h; path = SVSupaViewAppDelegate.h; sourceTree = "<group>"; };
		256AC3D90F4B6AC300CF3369 /* SVSupaViewAppDelegate.m */ = {isa = PBXFileReference; fileEncoding = 4; lastKnownFileType = sourcecode.c.objc; path = SVSupaViewAppDelegate.m; sourceTree = "<group>"; };
		256AC3F00F4B6AF500CF3369 /* SupaView_Prefix.pch */ = {isa = PBXFileReference; fileEncoding = 4; lastKnownFileType = sourcecode.c.h; path = SupaView_Prefix.pch; sourceTree = "<group>"; };
		29B97316FDCFA39411CA2CEA /* main.m */ = {isa = PBXFileReference; fileEncoding = 4; lastKnownFileType = sourcecode.c.objc; path = main.m; sourceTree = "<group>"; };
		29B97324FDCFA39411CA2CEA /* AppKit.framework */ = {isa = PBXFileReference; lastKnownFileType = wrapper.framework; name = AppKit.framework; path = /System/Library/Frameworks/AppKit.framework; sourceTree = "<absolute>"; };
		29B97325FDCFA39411CA2CEA /* Foundation.framework */ = {isa = PBXFileReference; lastKnownFileType = wrapper.framework; name = Foundation.framework; path = /System/Library/Frameworks/Foundation.framework; sourceTree = "<absolute>"; };
		6104C15912479EA900B46A87 /* SVMainWindowController.h */ = {isa = PBXFileReference; fileEncoding = 4; lastKnownFileType = sourcecode.c.h; path = SVMainWindowController.h; sourceTree = "<group>"; };
		6104C15A12479EA900B46A87 /* SVMainWindowController.m */ = {isa = PBXFileReference; fileEncoding = 4; lastKnownFileType = sourcecode.c.objc; path = SVMainWindowController.m; sourceTree = "<group>"; };
		6104C2421247CB0700B46A87 /* SVGlobalQueues.h */ = {isa = PBXFileReference; fileEncoding = 4; lastKnownFileType = sourcecode.c.h; path = SVGlobalQueues.h; sourceTree = "<group>"; };
		6104C2431247CB0700B46A87 /* SVGlobalQueues.m */ = {isa = PBXFileReference; fileEncoding = 4; lastKnownFileType = sourcecode.c.objc; path = SVGlobalQueues.m; sourceTree = "<group>"; };
		613488D912284A39009EDE77 /* SVSizes.h */ = {isa = PBXFileReference; fileEncoding = 4; lastKnownFileType = sourcecode.c.h; path = SVSizes.h; sourceTree = "<group>"; };
		613488DA12284A39009EDE77 /* SVSizes.m */ = {isa = PBXFileReference; fileEncoding = 4; lastKnownFileType = sourcecode.c.objc; path = SVSizes.m; sourceTree = "<group>"; };
		615130BA123EA998003CD2AE /* SVZoomInImg.png */ = {isa = PBXFileReference; lastKnownFileType = image.png; name = SVZoomInImg.png; path = img/SVZoomInImg.png; sourceTree = "<group>"; };
		615130BB123EA998003CD2AE /* SVZoomOutImg.png */ = {isa = PBXFileReference; lastKnownFileType = image.png; name = SVZoomOutImg.png; path = img/SVZoomOutImg.png; sourceTree = "<group>"; };
		6167F86C122366B800404881 /* SVGeometryGatherer.h */ = {isa = PBXFileReference; fileEncoding = 4; lastKnownFileType = sourcecode.c.h; path = SVGeometryGatherer.h; sourceTree = "<group>"; };
		6167F86D122366B800404881 /* SVGeometryGatherer.m */ = {isa = PBXFileReference; fileEncoding = 4; lastKnownFileType = sourcecode.c.objc; path = SVGeometryGatherer.m; sourceTree = "<group>"; };
		6167F8B5122374C200404881 /* Definitions.h */ = {isa = PBXFileReference; fileEncoding = 4; lastKnownFileType = sourcecode.c.h; path = Definitions.h; sourceTree = "<group>"; };
		6172869B1225FE6100607826 /* SVColorWheel.h */ = {isa = PBXFileReference; fileEncoding = 4; lastKnownFileType = sourcecode.c.h; path = SVColorWheel.h; sourceTree = "<group>"; };
		6172869C1225FE6100607826 /* SVColorWheel.m */ = {isa = PBXFileReference; fileEncoding = 4; lastKnownFileType = sourcecode.c.objc; path = SVColorWheel.m; sourceTree = "<group>"; };
		6184F5A912591CE300C91C8E /* SVTreeMapView.dragging.h */ = {isa = PBXFileReference; fileEncoding = 4; lastKnownFileType = sourcecode.c.h; name = SVTreeMapView.dragging.h; path = TreeMapView/SVTreeMapView.dragging.h; sourceTree = "<group>"; };
		6184F5AA12591CE300C91C8E /* SVTreeMapView.dragging.m */ = {isa = PBXFileReference; fileEncoding = 4; lastKnownFileType = sourcecode.c.objc; name = SVTreeMapView.dragging.m; path = TreeMapView/SVTreeMapView.dragging.m; sourceTree = "<group>"; };
		6184F5AB12591CE300C91C8E /* SVTreeMapView.h */ = {isa = PBXFileReference; fileEncoding = 4; lastKnownFileType = sourcecode.c.h; name = SVTreeMapView.h; path = TreeMapView/SVTreeMapView.h; sourceTree = "<group>"; };
		6184F5AC12591CE300C91C8E /* SVTreeMapView.m */ = {isa = PBXFileReference; fileEncoding = 4; lastKnownFileType = sourcecode.c.objc; name = SVTreeMapView.m; path = TreeMapView/SVTreeMapView.m; sourceTree = "<group>"; };
		6184F5AF12591D2600C91C8E /* SVTreeMapView.animate.h */ = {isa = PBXFileReference; fileEncoding = 4; lastKnownFileType = sourcecode.c.h; name = SVTreeMapView.animate.h; path = TreeMapView/SVTreeMapView.animate.h; sourceTree = "<group>"; };
		6184F5B012591D2600C91C8E /* SVTreeMapView.animate.m */ = {isa = PBXFileReference; fileEncoding = 4; lastKnownFileType = sourcecode.c.objc; name = SVTreeMapView.animate.m; path = TreeMapView/SVTreeMapView.animate.m; sourceTree = "<group>"; };
		6184F5BA125923D700C91C8E /* SVNarrowingState.h */ = {isa = PBXFileReference; fileEncoding = 4; lastKnownFileType = sourcecode.c.h; name = SVNarrowingState.h; path = TreeMapView/SVNarrowingState.h; sourceTree = "<group>"; };
		6184F5BB125923D700C91C8E /* SVNarrowingState.m */ = {isa = PBXFileReference; fileEncoding = 4; lastKnownFileType = sourcecode.c.objc; name = SVNarrowingState.m; path = TreeMapView/SVNarrowingState.m; sourceTree = "<group>"; };
		6184F5BF125934EC00C91C8E /* AnimationPerFrame.h */ = {isa = PBXFileReference; fileEncoding = 4; lastKnownFileType = sourcecode.c.h; name = AnimationPerFrame.h; path = TreeMapView/AnimationPerFrame.h; sourceTree = "<group>"; };
		6184F5C0125934EC00C91C8E /* AnimationPerFrame.m */ = {isa = PBXFileReference; fileEncoding = 4; lastKnownFileType = sourcecode.c.objc; name = AnimationPerFrame.m; path = TreeMapView/AnimationPerFrame.m; sourceTree = "<group>"; };
		6184F5D4125938A000C91C8E /* SVTreeMapView.private.h */ = {isa = PBXFileReference; fileEncoding = 4; lastKnownFileType = sourcecode.c.h; name = SVTreeMapView.private.h; path = TreeMapView/SVTreeMapView.private.h; sourceTree = "<group>"; };
		6184F5D5125938A000C91C8E /* SVTreeMapView.private.m */ = {isa = PBXFileReference; fileEncoding = 4; lastKnownFileType = sourcecode.c.objc; name = SVTreeMapView.private.m; path = TreeMapView/SVTreeMapView.private.m; sourceTree = "<group>"; };
		6184F672125A02E300C91C8E /* SVLayoutLeaf.protected.h */ = {isa = PBXFileReference; fileEncoding = 4; lastKnownFileType = sourcecode.c.h; name = SVLayoutLeaf.protected.h; path = LayoutTree/SVLayoutLeaf.protected.h; sourceTree = "<group>"; };
		6184F673125A02E300C91C8E /* SVLayoutLeaf.protected.m */ = {isa = PBXFileReference; fileEncoding = 4; lastKnownFileType = sourcecode.c.objc; name = SVLayoutLeaf.protected.m; path = LayoutTree/SVLayoutLeaf.protected.m; sourceTree = "<group>"; };
		6184F74E125A4C0700C91C8E /* SVLayoutKeyNavigation.h */ = {isa = PBXFileReference; fileEncoding = 4; lastKnownFileType = sourcecode.c.h; name = SVLayoutKeyNavigation.h; path = LayoutTree/SVLayoutKeyNavigation.h; sourceTree = "<group>"; };
		6184F74F125A4C0700C91C8E /* SVLayoutKeyNavigation.m */ = {isa = PBXFileReference; fileEncoding = 4; lastKnownFileType = sourcecode.c.objc; name = SVLayoutKeyNavigation.m; path = LayoutTree/SVLayoutKeyNavigation.m; sourceTree = "<group>"; };
		6184F81B125CFB9C00C91C8E /* About.xib */ = {isa = PBXFileReference; lastKnownFileType = file.xib; path = About.xib; sourceTree = "<group>"; };
		61C87E871250B85B00F1B518 /* SVFileTree.h */ = {isa = PBXFileReference; fileEncoding = 4; lastKnownFileType = sourcecode.c.h; name = SVFileTree.h; path = FileTree/SVFileTree.h; sourceTree = "<group>"; };
		61C87E881250B85B00F1B518 /* SVFileTree.m */ = {isa = PBXFileReference; fileEncoding = 4; lastKnownFileType = sourcecode.c.objc; name = SVFileTree.m; path = FileTree/SVFileTree.m; sourceTree = "<group>"; };
		61C87E891250B85B00F1B518 /* SVVolumeTree.h */ = {isa = PBXFileReference; fileEncoding = 4; lastKnownFileType = sourcecode.c.h; name = SVVolumeTree.h; path = FileTree/SVVolumeTree.h; sourceTree = "<group>"; };
		61C87E8A1250B85B00F1B518 /* SVVolumeTree.m */ = {isa = PBXFileReference; fileEncoding = 4; lastKnownFileType = sourcecode.c.objc; name = SVVolumeTree.m; path = FileTree/SVVolumeTree.m; sourceTree = "<group>"; };
		61C87EB11250BA1300F1B518 /* SVFolderTree.h */ = {isa = PBXFileReference; fileEncoding = 4; lastKnownFileType = sourcecode.c.h; name = SVFolderTree.h; path = FileTree/SVFolderTree.h; sourceTree = "<group>"; };
		61C87EB21250BA1300F1B518 /* SVFolderTree.m */ = {isa = PBXFileReference; fileEncoding = 4; lastKnownFileType = sourcecode.c.objc; name = SVFolderTree.m; path = FileTree/SVFolderTree.m; sourceTree = "<group>"; };
		61C87EB31250BA1300F1B518 /* SVProgressNotifiable.h */ = {isa = PBXFileReference; fileEncoding = 4; lastKnownFileType = sourcecode.c.h; name = SVProgressNotifiable.h; path = FileTree/SVProgressNotifiable.h; sourceTree = "<group>"; };
		61C87EC71250C1F300F1B518 /* SVDynamicFileTree.h */ = {isa = PBXFileReference; fileEncoding = 4; lastKnownFileType = sourcecode.c.h; name = SVDynamicFileTree.h; path = FileTree/SVDynamicFileTree.h; sourceTree = "<group>"; };
		61C87EC81250C1F300F1B518 /* SVDynamicFileTree.m */ = {isa = PBXFileReference; fileEncoding = 4; lastKnownFileType = sourcecode.c.objc; name = SVDynamicFileTree.m; path = FileTree/SVDynamicFileTree.m; sourceTree = "<group>"; };
		61C87EC91250C1F300F1B518 /* SVProgressNotifiable.h */ = {isa = PBXFileReference; fileEncoding = 4; lastKnownFileType = sourcecode.c.h; name = SVProgressNotifiable.h; path = FileTree/SVProgressNotifiable.h; sourceTree = "<group>"; };
		61C87ECA1250C1F300F1B518 /* SVScanningContext.h */ = {isa = PBXFileReference; fileEncoding = 4; lastKnownFileType = sourcecode.c.h; name = SVScanningContext.h; path = FileTree/SVScanningContext.h; sourceTree = "<group>"; };
		61C87EE21250D3EC00F1B518 /* SVLayoutFolder.h */ = {isa = PBXFileReference; fileEncoding = 4; lastKnownFileType = sourcecode.c.h; name = SVLayoutFolder.h; path = LayoutTree/SVLayoutFolder.h; sourceTree = "<group>"; };
		61C87EE31250D3EC00F1B518 /* SVLayoutFolder.m */ = {isa = PBXFileReference; fileEncoding = 4; lastKnownFileType = sourcecode.c.objc; name = SVLayoutFolder.m; path = LayoutTree/SVLayoutFolder.m; sourceTree = "<group>"; };
		61C87EE41250D3EC00F1B518 /* SVLayoutLeaf.h */ = {isa = PBXFileReference; fileEncoding = 4; lastKnownFileType = sourcecode.c.h; name = SVLayoutLeaf.h; path = LayoutTree/SVLayoutLeaf.h; sourceTree = "<group>"; };
		61C87EE51250D3EC00F1B518 /* SVLayoutLeaf.m */ = {isa = PBXFileReference; fileEncoding = 4; lastKnownFileType = sourcecode.c.objc; name = SVLayoutLeaf.m; path = LayoutTree/SVLayoutLeaf.m; sourceTree = "<group>"; };
		61C87EE61250D3EC00F1B518 /* SVLayoutNode.h */ = {isa = PBXFileReference; fileEncoding = 4; lastKnownFileType = sourcecode.c.h; name = SVLayoutNode.h; path = LayoutTree/SVLayoutNode.h; sourceTree = "<group>"; };
		61C87EE71250D3EC00F1B518 /* SVLayoutNode.m */ = {isa = PBXFileReference; fileEncoding = 4; lastKnownFileType = sourcecode.c.objc; name = SVLayoutNode.m; path = LayoutTree/SVLayoutNode.m; sourceTree = "<group>"; };
		61C87EE81250D3EC00F1B518 /* SVLayoutTree.h */ = {isa = PBXFileReference; fileEncoding = 4; lastKnownFileType = sourcecode.c.h; name = SVLayoutTree.h; path = LayoutTree/SVLayoutTree.h; sourceTree = "<group>"; };
		61C87EE91250D3EC00F1B518 /* SVLayoutTree.m */ = {isa = PBXFileReference; fileEncoding = 4; lastKnownFileType = sourcecode.c.objc; name = SVLayoutTree.m; path = LayoutTree/SVLayoutTree.m; sourceTree = "<group>"; };
		61C87F931250E5C100F1B518 /* SVLayoutEmptySpace.h */ = {isa = PBXFileReference; fileEncoding = 4; lastKnownFileType = sourcecode.c.h; name = SVLayoutEmptySpace.h; path = LayoutTree/SVLayoutEmptySpace.h; sourceTree = "<group>"; };
		61C87F941250E5C100F1B518 /* SVLayoutEmptySpace.m */ = {isa = PBXFileReference; fileEncoding = 4; lastKnownFileType = sourcecode.c.objc; name = SVLayoutEmptySpace.m; path = LayoutTree/SVLayoutEmptySpace.m; sourceTree = "<group>"; };
		61C87F951250E5C100F1B518 /* SVLayoutUnscanned.h */ = {isa = PBXFileReference; fileEncoding = 4; lastKnownFileType = sourcecode.c.h; name = SVLayoutUnscanned.h; path = LayoutTree/SVLayoutUnscanned.h; sourceTree = "<group>"; };
		61C87F961250E5C100F1B518 /* SVLayoutUnscanned.m */ = {isa = PBXFileReference; fileEncoding = 4; lastKnownFileType = sourcecode.c.objc; name = SVLayoutUnscanned.m; path = LayoutTree/SVLayoutUnscanned.m; sourceTree = "<group>"; };
		61C87F9F1250E99200F1B518 /* SVEmptyNode.h */ = {isa = PBXFileReference; fileEncoding = 4; lastKnownFileType = sourcecode.c.h; name = SVEmptyNode.h; path = FileTree/SVEmptyNode.h; sourceTree = "<group>"; };
		61C87FA01250E99200F1B518 /* SVEmptyNode.m */ = {isa = PBXFileReference; fileEncoding = 4; lastKnownFileType = sourcecode.c.objc; name = SVEmptyNode.m; path = FileTree/SVEmptyNode.m; sourceTree = "<group>"; };
		61C87FA11250E99200F1B518 /* SVUnscanned.h */ = {isa = PBXFileReference; fileEncoding = 4; lastKnownFileType = sourcecode.c.h; name = SVUnscanned.h; path = FileTree/SVUnscanned.h; sourceTree = "<group>"; };
		61C87FA21250E99200F1B518 /* SVUnscanned.m */ = {isa = PBXFileReference; fileEncoding = 4; lastKnownFileType = sourcecode.c.objc; name = SVUnscanned.m; path = FileTree/SVUnscanned.m; sourceTree = "<group>"; };
		61C8804512510BB300F1B518 /* English */ = {isa = PBXFileReference; explicitFileType = text.plist.strings; fileEncoding = 4; name = English; path = English.lproj/Custom.strings; sourceTree = "<group>"; };
		61C8804A12510C2900F1B518 /* French */ = {isa = PBXFileReference; lastKnownFileType = text.plist.strings; name = French; path = French.lproj/Custom.strings; sourceTree = "<group>"; };
		61C880C6125139FD00F1B518 /* French */ = {isa = PBXFileReference; lastKnownFileType = file.xib; name = French; path = French.lproj/MainMenu.xib; sourceTree = "<group>"; };
		61C882071251E97200F1B518 /* SVSizeFormatter.h */ = {isa = PBXFileReference; fileEncoding = 4; lastKnownFileType = sourcecode.c.h; path = SVSizeFormatter.h; sourceTree = "<group>"; };
		61C882081251E97200F1B518 /* SVSizeFormatter.m */ = {isa = PBXFileReference; fileEncoding = 4; lastKnownFileType = sourcecode.c.objc; path = SVSizeFormatter.m; sourceTree = "<group>"; };
		61F19E731254E0BB005340E2 /* SVGoBack.png */ = {isa = PBXFileReference; lastKnownFileType = image.png; name = SVGoBack.png; path = img/SVGoBack.png; sourceTree = "<group>"; };
		8D1107310486CEB800E47090 /* SupaView-Info.plist */ = {isa = PBXFileReference; fileEncoding = 4; lastKnownFileType = text.plist.xml; path = "SupaView-Info.plist"; sourceTree = "<group>"; };
		8D1107320486CEB800E47090 /* SupaView.app */ = {isa = PBXFileReference; explicitFileType = wrapper.application; includeInIndex = 0; path = SupaView.app; sourceTree = BUILT_PRODUCTS_DIR; };
/* End PBXFileReference section */

/* Begin PBXFrameworksBuildPhase section */
		8D11072E0486CEB800E47090 /* Frameworks */ = {
			isa = PBXFrameworksBuildPhase;
			buildActionMask = 2147483647;
			files = (
				8D11072F0486CEB800E47090 /* Cocoa.framework in Frameworks */,
			);
			runOnlyForDeploymentPostprocessing = 0;
		};
/* End PBXFrameworksBuildPhase section */

/* Begin PBXGroup section */
		080E96DDFE201D6D7F000001 /* Classes */ = {
			isa = PBXGroup;
			children = (
				6184F5A812591CAA00C91C8E /* TreeMap */,
				61C882071251E97200F1B518 /* SVSizeFormatter.h */,
				61C882081251E97200F1B518 /* SVSizeFormatter.m */,
				61C8805F12510EC100F1B518 /* FileTree */,
				61C8805E12510EB200F1B518 /* LayoutTree */,
				61C87EC91250C1F300F1B518 /* SVProgressNotifiable.h */,
				61C87ECA1250C1F300F1B518 /* SVScanningContext.h */,
				61C87EB31250BA1300F1B518 /* SVProgressNotifiable.h */,
				256AC3D80F4B6AC300CF3369 /* SVSupaViewAppDelegate.h */,
				6104C15912479EA900B46A87 /* SVMainWindowController.h */,
				6104C15A12479EA900B46A87 /* SVMainWindowController.m */,
				256AC3D90F4B6AC300CF3369 /* SVSupaViewAppDelegate.m */,
				613488D912284A39009EDE77 /* SVSizes.h */,
				613488DA12284A39009EDE77 /* SVSizes.m */,
				6167F86C122366B800404881 /* SVGeometryGatherer.h */,
				6167F86D122366B800404881 /* SVGeometryGatherer.m */,
				6167F8B5122374C200404881 /* Definitions.h */,
				6172869B1225FE6100607826 /* SVColorWheel.h */,
				6172869C1225FE6100607826 /* SVColorWheel.m */,
				6104C2421247CB0700B46A87 /* SVGlobalQueues.h */,
				6104C2431247CB0700B46A87 /* SVGlobalQueues.m */,
			);
			name = Classes;
			sourceTree = "<group>";
		};
		1058C7A0FEA54F0111CA2CBB /* Linked Frameworks */ = {
			isa = PBXGroup;
			children = (
				1058C7A1FEA54F0111CA2CBB /* Cocoa.framework */,
			);
			name = "Linked Frameworks";
			sourceTree = "<group>";
		};
		1058C7A2FEA54F0111CA2CBB /* Other Frameworks */ = {
			isa = PBXGroup;
			children = (
				29B97324FDCFA39411CA2CEA /* AppKit.framework */,
				13E42FB307B3F0F600E4EEF1 /* CoreData.framework */,
				29B97325FDCFA39411CA2CEA /* Foundation.framework */,
			);
			name = "Other Frameworks";
			sourceTree = "<group>";
		};
		19C28FACFE9D520D11CA2CBB /* Products */ = {
			isa = PBXGroup;
			children = (
				8D1107320486CEB800E47090 /* SupaView.app */,
			);
			name = Products;
			sourceTree = "<group>";
		};
		29B97314FDCFA39411CA2CEA /* SupaView */ = {
			isa = PBXGroup;
			children = (
				080E96DDFE201D6D7F000001 /* Classes */,
				29B97315FDCFA39411CA2CEA /* Other Sources */,
				29B97317FDCFA39411CA2CEA /* Resources */,
				29B97323FDCFA39411CA2CEA /* Frameworks */,
				19C28FACFE9D520D11CA2CBB /* Products */,
			);
			name = SupaView;
			sourceTree = "<group>";
		};
		29B97315FDCFA39411CA2CEA /* Other Sources */ = {
			isa = PBXGroup;
			children = (
				256AC3F00F4B6AF500CF3369 /* SupaView_Prefix.pch */,
				29B97316FDCFA39411CA2CEA /* main.m */,
			);
			name = "Other Sources";
			sourceTree = "<group>";
		};
		29B97317FDCFA39411CA2CEA /* Resources */ = {
			isa = PBXGroup;
			children = (
				61F19E731254E0BB005340E2 /* SVGoBack.png */,
				615130BA123EA998003CD2AE /* SVZoomInImg.png */,
				615130BB123EA998003CD2AE /* SVZoomOutImg.png */,
				8D1107310486CEB800E47090 /* SupaView-Info.plist */,
				089C165CFE840E0CC02AAC07 /* InfoPlist.strings */,
				1DDD58140DA1D0A300B32029 /* MainMenu.xib */,
				61C8804812510C2100F1B518 /* Custom.strings */,
				6184F81B125CFB9C00C91C8E /* About.xib */,
			);
			name = Resources;
			sourceTree = "<group>";
		};
		29B97323FDCFA39411CA2CEA /* Frameworks */ = {
			isa = PBXGroup;
			children = (
				1058C7A0FEA54F0111CA2CBB /* Linked Frameworks */,
				1058C7A2FEA54F0111CA2CBB /* Other Frameworks */,
			);
			name = Frameworks;
			sourceTree = "<group>";
		};
		6184F5A812591CAA00C91C8E /* TreeMap */ = {
			isa = PBXGroup;
			children = (
				6184F5D4125938A000C91C8E /* SVTreeMapView.private.h */,
				6184F5D5125938A000C91C8E /* SVTreeMapView.private.m */,
				6184F5BF125934EC00C91C8E /* AnimationPerFrame.h */,
				6184F5C0125934EC00C91C8E /* AnimationPerFrame.m */,
				6184F5BA125923D700C91C8E /* SVNarrowingState.h */,
				6184F5BB125923D700C91C8E /* SVNarrowingState.m */,
				6184F5AF12591D2600C91C8E /* SVTreeMapView.animate.h */,
				6184F5B012591D2600C91C8E /* SVTreeMapView.animate.m */,
				6184F5A912591CE300C91C8E /* SVTreeMapView.dragging.h */,
				6184F5AA12591CE300C91C8E /* SVTreeMapView.dragging.m */,
				6184F5AB12591CE300C91C8E /* SVTreeMapView.h */,
				6184F5AC12591CE300C91C8E /* SVTreeMapView.m */,
			);
			name = TreeMap;
			sourceTree = "<group>";
		};
		61C8805E12510EB200F1B518 /* LayoutTree */ = {
			isa = PBXGroup;
			children = (
				6184F74E125A4C0700C91C8E /* SVLayoutKeyNavigation.h */,
				6184F74F125A4C0700C91C8E /* SVLayoutKeyNavigation.m */,
				6184F672125A02E300C91C8E /* SVLayoutLeaf.protected.h */,
				6184F673125A02E300C91C8E /* SVLayoutLeaf.protected.m */,
				61C87F931250E5C100F1B518 /* SVLayoutEmptySpace.h */,
				61C87F941250E5C100F1B518 /* SVLayoutEmptySpace.m */,
				61C87F951250E5C100F1B518 /* SVLayoutUnscanned.h */,
				61C87F961250E5C100F1B518 /* SVLayoutUnscanned.m */,
				61C87EE21250D3EC00F1B518 /* SVLayoutFolder.h */,
				61C87EE31250D3EC00F1B518 /* SVLayoutFolder.m */,
				61C87EE41250D3EC00F1B518 /* SVLayoutLeaf.h */,
				61C87EE51250D3EC00F1B518 /* SVLayoutLeaf.m */,
				61C87EE61250D3EC00F1B518 /* SVLayoutNode.h */,
				61C87EE71250D3EC00F1B518 /* SVLayoutNode.m */,
				61C87EE81250D3EC00F1B518 /* SVLayoutTree.h */,
				61C87EE91250D3EC00F1B518 /* SVLayoutTree.m */,
			);
			name = LayoutTree;
			sourceTree = "<group>";
		};
		61C8805F12510EC100F1B518 /* FileTree */ = {
			isa = PBXGroup;
			children = (
				61C87EB11250BA1300F1B518 /* SVFolderTree.h */,
				61C87EB21250BA1300F1B518 /* SVFolderTree.m */,
				61C87E871250B85B00F1B518 /* SVFileTree.h */,
				61C87E881250B85B00F1B518 /* SVFileTree.m */,
				61C87E891250B85B00F1B518 /* SVVolumeTree.h */,
				61C87E8A1250B85B00F1B518 /* SVVolumeTree.m */,
				61C87F9F1250E99200F1B518 /* SVEmptyNode.h */,
				61C87FA01250E99200F1B518 /* SVEmptyNode.m */,
				61C87FA11250E99200F1B518 /* SVUnscanned.h */,
				61C87FA21250E99200F1B518 /* SVUnscanned.m */,
				61C87EC71250C1F300F1B518 /* SVDynamicFileTree.h */,
				61C87EC81250C1F300F1B518 /* SVDynamicFileTree.m */,
			);
			name = FileTree;
			sourceTree = "<group>";
		};
/* End PBXGroup section */

/* Begin PBXNativeTarget section */
		8D1107260486CEB800E47090 /* SupaView */ = {
			isa = PBXNativeTarget;
			buildConfigurationList = C01FCF4A08A954540054247B /* Build configuration list for PBXNativeTarget "SupaView" */;
			buildPhases = (
				8D1107290486CEB800E47090 /* Resources */,
				8D11072C0486CEB800E47090 /* Sources */,
				8D11072E0486CEB800E47090 /* Frameworks */,
			);
			buildRules = (
			);
			dependencies = (
			);
			name = SupaView;
			productInstallPath = "$(HOME)/Applications";
			productName = SupaView;
			productReference = 8D1107320486CEB800E47090 /* SupaView.app */;
			productType = "com.apple.product-type.application";
		};
/* End PBXNativeTarget section */

/* Begin PBXProject section */
		29B97313FDCFA39411CA2CEA /* Project object */ = {
			isa = PBXProject;
			buildConfigurationList = C01FCF4E08A954540054247B /* Build configuration list for PBXProject "SupaView" */;
			compatibilityVersion = "Xcode 3.1";
			developmentRegion = English;
			hasScannedForEncodings = 1;
			knownRegions = (
				English,
				Japanese,
				French,
				German,
			);
			mainGroup = 29B97314FDCFA39411CA2CEA /* SupaView */;
			projectDirPath = "";
			projectRoot = "";
			targets = (
				8D1107260486CEB800E47090 /* SupaView */,
			);
		};
/* End PBXProject section */

/* Begin PBXResourcesBuildPhase section */
		8D1107290486CEB800E47090 /* Resources */ = {
			isa = PBXResourcesBuildPhase;
			buildActionMask = 2147483647;
			files = (
				8D11072B0486CEB800E47090 /* InfoPlist.strings in Resources */,
				1DDD58160DA1D0A300B32029 /* MainMenu.xib in Resources */,
				615130BC123EA998003CD2AE /* SVZoomInImg.png in Resources */,
				615130BD123EA998003CD2AE /* SVZoomOutImg.png in Resources */,
				61C8804912510C2100F1B518 /* Custom.strings in Resources */,
				61F19E741254E0BB005340E2 /* SVGoBack.png in Resources */,
				6184F81C125CFB9C00C91C8E /* About.xib in Resources */,
			);
			runOnlyForDeploymentPostprocessing = 0;
		};
/* End PBXResourcesBuildPhase section */

/* Begin PBXSourcesBuildPhase section */
		8D11072C0486CEB800E47090 /* Sources */ = {
			isa = PBXSourcesBuildPhase;
			buildActionMask = 2147483647;
			files = (
				8D11072D0486CEB800E47090 /* main.m in Sources */,
				256AC3DA0F4B6AC300CF3369 /* SVSupaViewAppDelegate.m in Sources */,
				6167F86E122366B800404881 /* SVGeometryGatherer.m in Sources */,
				6172869D1225FE6100607826 /* SVColorWheel.m in Sources */,
				613488DB12284A39009EDE77 /* SVSizes.m in Sources */,
				6104C15B12479EA900B46A87 /* SVMainWindowController.m in Sources */,
				6104C2441247CB0700B46A87 /* SVGlobalQueues.m in Sources */,
				61C87E8B1250B85B00F1B518 /* SVFileTree.m in Sources */,
				61C87E8C1250B85B00F1B518 /* SVVolumeTree.m in Sources */,
				61C87EB41250BA1300F1B518 /* SVFolderTree.m in Sources */,
				61C87ECB1250C1F300F1B518 /* SVDynamicFileTree.m in Sources */,
				61C87EEA1250D3EC00F1B518 /* SVLayoutFolder.m in Sources */,
				61C87EEB1250D3EC00F1B518 /* SVLayoutLeaf.m in Sources */,
				61C87EEC1250D3EC00F1B518 /* SVLayoutNode.m in Sources */,
				61C87EED1250D3EC00F1B518 /* SVLayoutTree.m in Sources */,
				61C87F971250E5C100F1B518 /* SVLayoutEmptySpace.m in Sources */,
				61C87F981250E5C100F1B518 /* SVLayoutUnscanned.m in Sources */,
				61C87FA31250E99200F1B518 /* SVEmptyNode.m in Sources */,
				61C87FA41250E99200F1B518 /* SVUnscanned.m in Sources */,
				61C882091251E97200F1B518 /* SVSizeFormatter.m in Sources */,
				6184F5AD12591CE300C91C8E /* SVTreeMapView.dragging.m in Sources */,
				6184F5AE12591CE300C91C8E /* SVTreeMapView.m in Sources */,
				6184F5B112591D2600C91C8E /* SVTreeMapView.animate.m in Sources */,
				6184F5BC125923D700C91C8E /* SVNarrowingState.m in Sources */,
				6184F5C1125934EC00C91C8E /* AnimationPerFrame.m in Sources */,
				6184F5D6125938A000C91C8E /* SVTreeMapView.private.m in Sources */,
				6184F674125A02E300C91C8E /* SVLayoutLeaf.protected.m in Sources */,
				6184F750125A4C0700C91C8E /* SVLayoutKeyNavigation.m in Sources */,
			);
			runOnlyForDeploymentPostprocessing = 0;
		};
/* End PBXSourcesBuildPhase section */

/* Begin PBXVariantGroup section */
		089C165CFE840E0CC02AAC07 /* InfoPlist.strings */ = {
			isa = PBXVariantGroup;
			children = (
				089C165DFE840E0CC02AAC07 /* English */,
			);
			name = InfoPlist.strings;
			sourceTree = "<group>";
		};
		1DDD58140DA1D0A300B32029 /* MainMenu.xib */ = {
			isa = PBXVariantGroup;
			children = (
				1DDD58150DA1D0A300B32029 /* English */,
				61C880C6125139FD00F1B518 /* French */,
			);
			name = MainMenu.xib;
			sourceTree = "<group>";
		};
		61C8804812510C2100F1B518 /* Custom.strings */ = {
			isa = PBXVariantGroup;
			children = (
				61C8804512510BB300F1B518 /* English */,
				61C8804A12510C2900F1B518 /* French */,
			);
			name = Custom.strings;
			sourceTree = "<group>";
		};
/* End PBXVariantGroup section */

/* Begin XCBuildConfiguration section */
		C01FCF4B08A954540054247B /* Debug */ = {
			isa = XCBuildConfiguration;
			buildSettings = {
				ALWAYS_SEARCH_USER_PATHS = NO;
				COPY_PHASE_STRIP = NO;
				GCC_DYNAMIC_NO_PIC = NO;
				GCC_ENABLE_FIX_AND_CONTINUE = YES;
				GCC_MODEL_TUNING = G5;
				GCC_OPTIMIZATION_LEVEL = 0;
				GCC_PRECOMPILE_PREFIX_HEADER = YES;
				GCC_PREFIX_HEADER = SupaView_Prefix.pch;
				GCC_TREAT_IMPLICIT_FUNCTION_DECLARATIONS_AS_ERRORS = YES;
				GCC_TREAT_NONCONFORMANT_CODE_ERRORS_AS_WARNINGS = NO;
				GCC_TREAT_WARNINGS_AS_ERRORS = NO;
				GCC_VERSION = com.apple.compilers.llvm.clang.1_0;
				GCC_WARN_64_TO_32_BIT_CONVERSION = NO;
				GCC_WARN_CHECK_SWITCH_STATEMENTS = NO;
				GCC_WARN_EFFECTIVE_CPLUSPLUS_VIOLATIONS = NO;
				GCC_WARN_FOUR_CHARACTER_CONSTANTS = NO;
				GCC_WARN_HIDDEN_VIRTUAL_FUNCTIONS = NO;
				GCC_WARN_INITIALIZER_NOT_FULLY_BRACKETED = NO;
				GCC_WARN_PROTOTYPE_CONVERSION = NO;
				GCC_WARN_SHADOW = NO;
				GCC_WARN_SIGN_COMPARE = YES;
				GCC_WARN_UNINITIALIZED_AUTOS = NO;
				GCC_WARN_UNKNOWN_PRAGMAS = YES;
				GCC_WARN_UNUSED_FUNCTION = YES;
				GCC_WARN_UNUSED_LABEL = YES;
				GCC_WARN_UNUSED_PARAMETER = YES;
				GCC_WARN_UNUSED_VALUE = YES;
				INFOPLIST_FILE = "SupaView-Info.plist";
				INSTALL_PATH = "$(HOME)/Applications";
				PRODUCT_NAME = SupaView;
				RUN_CLANG_STATIC_ANALYZER = YES;
				VALID_ARCHS = "i386 x86_64";
				WARNING_CFLAGS = (
					"-Wextra",
					"-Wall",
					"-Wno-unused-parameter",
				);
			};
			name = Debug;
		};
		C01FCF4C08A954540054247B /* Release */ = {
			isa = XCBuildConfiguration;
			buildSettings = {
				ALWAYS_SEARCH_USER_PATHS = NO;
				DEBUG_INFORMATION_FORMAT = "dwarf-with-dsym";
				GCC_MODEL_TUNING = G5;
				GCC_PRECOMPILE_PREFIX_HEADER = YES;
				GCC_PREFIX_HEADER = SupaView_Prefix.pch;
				INFOPLIST_FILE = "SupaView-Info.plist";
				INSTALL_PATH = "$(HOME)/Applications";
				PRODUCT_NAME = SupaView;
			};
			name = Release;
		};
		C01FCF4F08A954540054247B /* Debug */ = {
			isa = XCBuildConfiguration;
			buildSettings = {
				ARCHS = "$(ARCHS_STANDARD_32_64_BIT)";
				GCC_C_LANGUAGE_STANDARD = gnu99;
				GCC_OPTIMIZATION_LEVEL = 0;
				GCC_WARN_ABOUT_RETURN_TYPE = YES;
				GCC_WARN_UNUSED_VARIABLE = YES;
				ONLY_ACTIVE_ARCH = YES;
				PREBINDING = NO;
				SDKROOT = macosx10.6;
			};
			name = Debug;
		};
		C01FCF5008A954540054247B /* Release */ = {
			isa = XCBuildConfiguration;
			buildSettings = {
				ARCHS = "$(ARCHS_STANDARD_32_64_BIT)";
				GCC_C_LANGUAGE_STANDARD = gnu99;
				GCC_WARN_ABOUT_RETURN_TYPE = YES;
				GCC_WARN_UNUSED_VARIABLE = YES;
				PREBINDING = NO;
				SDKROOT = macosx10.6;
			};
			name = Release;
		};
/* End XCBuildConfiguration section */

/* Begin XCConfigurationList section */
		C01FCF4A08A954540054247B /* Build configuration list for PBXNativeTarget "SupaView" */ = {
			isa = XCConfigurationList;
			buildConfigurations = (
				C01FCF4B08A954540054247B /* Debug */,
				C01FCF4C08A954540054247B /* Release */,
			);
			defaultConfigurationIsVisible = 0;
			defaultConfigurationName = Release;
		};
		C01FCF4E08A954540054247B /* Build configuration list for PBXProject "SupaView" */ = {
			isa = XCConfigurationList;
			buildConfigurations = (
				C01FCF4F08A954540054247B /* Debug */,
				C01FCF5008A954540054247B /* Release */,
			);
			defaultConfigurationIsVisible = 0;
			defaultConfigurationName = Release;
		};
/* End XCConfigurationList section */
	};
	rootObject = 29B97313FDCFA39411CA2CEA /* Project object */;
}
